
Microsoft Visual Studio Solution File, Format Version 12.00
# Visual Studio Version 16
VisualStudioVersion = 16.0.29728.190
MinimumVisualStudioVersion = 10.0.40219.1
Project("{FAE04EC0-301F-11D3-BF4B-00C04F79EFBC}") = "Nager.CertificateManagement.WebApi", "Nager.CertificateManagement.WebApi\Nager.CertificateManagement.WebApi.csproj", "{A8F59F06-BF54-4DF3-A4D9-33C58DDAEE08}"
EndProject
Project("{9A19103F-16F7-4668-BE54-9A1E7A4F7556}") = "Nager.CertificateManagement.TestConsole", "Nager.CertificateManagement.TestConsole\Nager.CertificateManagement.TestConsole.csproj", "{D55C231D-CCF5-4D78-A85F-B298715C5EEB}"
EndProject
Project("{FAE04EC0-301F-11D3-BF4B-00C04F79EFBC}") = "Nager.CertificateManagement.Library", "Nager.CertificateManagement.Library\Nager.CertificateManagement.Library.csproj", "{9BD9F73E-5710-4B3E-A60B-4C5DE236E066}"
EndProject
Global
	GlobalSection(SolutionConfigurationPlatforms) = preSolution
		Debug|Any CPU = Debug|Any CPU
		Release|Any CPU = Release|Any CPU
	EndGlobalSection
	GlobalSection(ProjectConfigurationPlatforms) = postSolution
		{A8F59F06-BF54-4DF3-A4D9-33C58DDAEE08}.Debug|Any CPU.ActiveCfg = Debug|Any CPU
		{A8F59F06-BF54-4DF3-A4D9-33C58DDAEE08}.Debug|Any CPU.Build.0 = Debug|Any CPU
		{A8F59F06-BF54-4DF3-A4D9-33C58DDAEE08}.Release|Any CPU.ActiveCfg = Release|Any CPU
		{A8F59F06-BF54-4DF3-A4D9-33C58DDAEE08}.Release|Any CPU.Build.0 = Release|Any CPU
		{D55C231D-CCF5-4D78-A85F-B298715C5EEB}.Debug|Any CPU.ActiveCfg = Debug|Any CPU
		{D55C231D-CCF5-4D78-A85F-B298715C5EEB}.Debug|Any CPU.Build.0 = Debug|Any CPU
		{D55C231D-CCF5-4D78-A85F-B298715C5EEB}.Release|Any CPU.ActiveCfg = Release|Any CPU
		{D55C231D-CCF5-4D78-A85F-B298715C5EEB}.Release|Any CPU.Build.0 = Release|Any CPU
		{9BD9F73E-5710-4B3E-A60B-4C5DE236E066}.Debug|Any CPU.ActiveCfg = Debug|Any CPU
		{9BD9F73E-5710-4B3E-A60B-4C5DE236E066}.Debug|Any CPU.Build.0 = Debug|Any CPU
		{9BD9F73E-5710-4B3E-A60B-4C5DE236E066}.Release|Any CPU.ActiveCfg = Release|Any CPU
		{9BD9F73E-5710-4B3E-A60B-4C5DE236E066}.Release|Any CPU.Build.0 = Release|Any CPU
	EndGlobalSection
	GlobalSection(SolutionProperties) = preSolution
		HideSolutionNode = FALSE
	EndGlobalSection
	GlobalSection(ExtensibilityGlobals) = postSolution
		SolutionGuid = {A2D4EBD6-6DEF-482A-B076-4E8EB3F07D9B}
	EndGlobalSection
EndGlobal
